{
  "nodes": {
    "apple-fonts": {
      "inputs": {
        "nixpkgs": "nixpkgs",
        "sf-mono-liga-src": "sf-mono-liga-src"
      },
      "locked": {
        "lastModified": 1743515723,
        "narHash": "sha256-ckyck1i11O6yzI5zvmSGx5kB2RXocjcxhuYhFlMzoXo=",
        "owner": "glwbr",
        "repo": "apple-fonts-flake",
        "rev": "fe6f8d07d94e5144d8515d743fc84627adcdb120",
        "type": "github"
      },
      "original": {
        "owner": "glwbr",
        "repo": "apple-fonts-flake",
        "type": "github"
      }
    },
    "disko": {
      "inputs": {
        "nixpkgs": [
          "nixpkgs"
        ]
      },
      "locked": {
        "lastModified": 1743598667,
        "narHash": "sha256-ViE7NoFWytYO2uJONTAX35eGsvTYXNHjWALeHAg8OQY=",
        "owner": "nix-community",
        "repo": "disko",
        "rev": "329d3d7e8bc63dd30c39e14e6076db590a6eabe6",
        "type": "github"
      },
      "original": {
        "owner": "nix-community",
        "repo": "disko",
        "type": "github"
      }
    },
    "hardware": {
      "locked": {
        "lastModified": 1743420942,
        "narHash": "sha256-b/exDDQSLmENZZgbAEI3qi9yHkuXAXCPbormD8CSJXo=",
        "owner": "nixos",
        "repo": "nixos-hardware",
        "rev": "de6fc5551121c59c01e2a3d45b277a6d05077bc4",
        "type": "github"
      },
      "original": {
        "owner": "nixos",
        "repo": "nixos-hardware",
        "type": "github"
      }
    },
    "incline-nvim": {
      "flake": false,
      "locked": {
        "lastModified": 1740099496,
        "narHash": "sha256-EeNvFa+Zrqgnp3Wtcwi4EdOgtnlZf9a68xPcYrH545k=",
        "owner": "b0o",
        "repo": "incline.nvim",
        "rev": "0eb5b7f6fc6636a4e7b2eb2800b7650fd6d164a2",
        "type": "github"
      },
      "original": {
        "owner": "b0o",
        "repo": "incline.nvim",
        "type": "github"
      }
    },
    "nixCats": {
      "locked": {
        "lastModified": 1740837766,
        "narHash": "sha256-LKeBL3gjm+Fg2yVDKqB2gIiVnccv4TSUtt5NmQcasrk=",
        "owner": "BirdeeHub",
        "repo": "nixCats-nvim",
        "rev": "83264cfaf7d7438c52db28a95934d87ae45faaae",
        "type": "github"
      },
      "original": {
        "owner": "BirdeeHub",
        "repo": "nixCats-nvim",
        "type": "github"
      }
    },
    "nixpkgs": {
      "locked": {
        "lastModified": 1743315132,
        "narHash": "sha256-6hl6L/tRnwubHcA4pfUUtk542wn2Om+D4UnDhlDW9BE=",
        "owner": "nixos",
        "repo": "nixpkgs",
        "rev": "52faf482a3889b7619003c0daec593a1912fddc1",
        "type": "github"
      },
      "original": {
        "owner": "nixos",
        "ref": "nixos-unstable",
        "repo": "nixpkgs",
        "type": "github"
      }
    },
    "nixpkgs_2": {
      "locked": {
        "lastModified": 1743583204,
        "narHash": "sha256-F7n4+KOIfWrwoQjXrL2wD9RhFYLs2/GGe/MQY1sSdlE=",
        "owner": "nixos",
        "repo": "nixpkgs",
        "rev": "2c8d3f48d33929642c1c12cd243df4cc7d2ce434",
        "type": "github"
      },
      "original": {
        "owner": "nixos",
        "ref": "nixos-unstable",
        "repo": "nixpkgs",
        "type": "github"
      }
    },
    "nixpkgs_3": {
      "locked": {
        "lastModified": 1741006840,
        "narHash": "sha256-/PLl/bBq+fdNR0mLFeIdEgh0O4URobH0R9+InbpdGhU=",
        "owner": "nixos",
        "repo": "nixpkgs",
        "rev": "95eacfb6d1accf8d59a9e570d26d04ad693d2ec3",
        "type": "github"
      },
      "original": {
        "owner": "nixos",
        "ref": "nixpkgs-unstable",
        "repo": "nixpkgs",
        "type": "github"
      }
    },
    "nvim": {
      "inputs": {
        "incline-nvim": "incline-nvim",
        "nixCats": "nixCats",
        "nixpkgs": "nixpkgs_3"
      },
      "locked": {
        "lastModified": 1743814639,
        "narHash": "sha256-Xd2J4gGTbVV/xOINBB+amNIfZu6GXzNLdYRCNDRf3kg=",
        "owner": "glwbr",
        "repo": "nvim",
        "rev": "0ae9954f666c9d151acd4344e4a55f873b75b886",
        "type": "github"
      },
      "original": {
        "owner": "glwbr",
        "repo": "nvim",
        "type": "github"
      }
    },
    "root": {
      "inputs": {
        "apple-fonts": "apple-fonts",
        "disko": "disko",
        "hardware": "hardware",
        "nixpkgs": "nixpkgs_2",
        "nvim": "nvim"
      }
    },
    "sf-mono-liga-src": {
      "flake": false,
      "locked": {
        "lastModified": 1688258025,
        "narHash": "sha256-AYjKrVLISsJWXN6Cj74wXmbJtREkFDYOCRw1t2nVH2w=",
        "owner": "shaunsingh",
        "repo": "SFMono-Nerd-Font-Ligaturized",
        "rev": "dc5a3e6fcc2e16ad476b7be3c3c17c2273b260ea",
        "type": "github"
      },
      "original": {
        "owner": "shaunsingh",
        "repo": "SFMono-Nerd-Font-Ligaturized",
        "type": "github"
      }
    }
  },
  "root": "root",
  "version": 7
}
